
Microsoft Visual Studio Solution File, Format Version 12.00
# Visual Studio Version 16
VisualStudioVersion = 16.0.28407.52
MinimumVisualStudioVersion = 10.0.40219.1
Project("{FAE04EC0-301F-11D3-BF4B-00C04F79EFBC}") = "MitraChallenge", "MitraChallenge\MitraChallenge.csproj", "{34CDFAA8-CDBE-4B6C-928C-5805F556EE5F}"
EndProject
Global
	GlobalSection(SolutionConfigurationPlatforms) = preSolution
		Debug|Any CPU = Debug|Any CPU
		Release|Any CPU = Release|Any CPU
	EndGlobalSection
	GlobalSection(ProjectConfigurationPlatforms) = postSolution
		{34CDFAA8-CDBE-4B6C-928C-5805F556EE5F}.Debug|Any CPU.ActiveCfg = Debug|Any CPU
		{34CDFAA8-CDBE-4B6C-928C-5805F556EE5F}.Debug|Any CPU.Build.0 = Debug|Any CPU
		{34CDFAA8-CDBE-4B6C-928C-5805F556EE5F}.Release|Any CPU.ActiveCfg = Release|Any CPU
		{34CDFAA8-CDBE-4B6C-928C-5805F556EE5F}.Release|Any CPU.Build.0 = Release|Any CPU
	EndGlobalSection
	GlobalSection(SolutionProperties) = preSolution
		HideSolutionNode = FALSE
	EndGlobalSection
	GlobalSection(ExtensibilityGlobals) = postSolution
		SolutionGuid = {835C5A09-BABC-4E7E-8A2E-9B32B4B8C22D}
	EndGlobalSection
EndGlobal
